{
  "projects": [
    {
      "projectId": "YUiM7yqBWAqsh8KSnrdj7",
      "version": "0.33.0",
      "dependencies": {},
      "lang": "js",
      "fileLocks": [
        {
          "assetId": "YUiM7yqBWAqsh8KSnrdj7",
          "type": "projectCss",
          "checksum": "21b499a9da4edbc2266c72c2ba127787"
        }
      ],
      "codegenVersion": "0.0.1"
    },
    {
      "projectId": "4vjRXvnb4XuY6J15w9oRcQ",
      "version": "2.0.0",
      "dependencies": {},
      "lang": "js",
      "fileLocks": [
        {
          "type": "globalVariant",
          "assetId": "sunYRowGFPxL",
          "checksum": "6aa36700acb14b37a737f645fea309df"
        },
        {
          "assetId": "4vjRXvnb4XuY6J15w9oRcQ",
          "type": "projectCss",
          "checksum": "0f0ef06473797c93a6193312f1a06072"
        }
      ],
      "codegenVersion": "0.0.1"
    },
    {
      "projectId": "5ZtnypMovRHeeP3YTdPCYL",
      "version": "0.0.2",
      "dependencies": {},
      "lang": "js",
      "fileLocks": [
        {
          "type": "globalVariant",
          "assetId": "CQH1yWTrsJfR",
          "checksum": "8c05f778f43aa57c0aaad309fa6f064e"
        },
        {
          "assetId": "5ZtnypMovRHeeP3YTdPCYL",
          "type": "projectCss",
          "checksum": "117a0722e16a099627108ac1942d2dd3"
        }
      ],
      "codegenVersion": "0.0.1"
    },
    {
      "projectId": "gmeH6XgPaBtkt51HunAo4g",
      "version": "18.12.0",
      "dependencies": {},
      "lang": "js",
      "fileLocks": [
        {
          "assetId": "gmeH6XgPaBtkt51HunAo4g",
          "type": "projectCss",
          "checksum": "1c02168c6b23256606111fdfdbb63549"
        }
      ],
      "codegenVersion": "0.0.1"
    },
    {
      "projectId": "dYGU7pEm8E2XqaQSmkn1DQ",
      "version": "latest",
      "dependencies": {
        "gmeH6XgPaBtkt51HunAo4g": "18.12.0",
        "5ZtnypMovRHeeP3YTdPCYL": "0.0.2",
        "4vjRXvnb4XuY6J15w9oRcQ": "2.0.0",
        "YUiM7yqBWAqsh8KSnrdj7": "0.33.0"
      },
      "lang": "js",
      "fileLocks": [
        {
          "type": "globalVariant",
          "assetId": "jUbdm-ZJHodf",
          "checksum": "10f3072ea3b9b2371a049b930898ce50"
        },
        {
          "assetId": "dYGU7pEm8E2XqaQSmkn1DQ",
          "type": "projectCss",
          "checksum": "fa8660a86bd04b952a53f70e51c9aa07"
        },
        {
          "type": "renderModule",
          "assetId": "ZI6zUXUuA8C8",
          "checksum": "481bbe0dea7c1f80a69d7d4f02f2bde5"
        },
        {
          "type": "cssRules",
          "assetId": "ZI6zUXUuA8C8",
          "checksum": "481bbe0dea7c1f80a69d7d4f02f2bde5"
        },
        {
          "type": "renderModule",
          "assetId": "NfzjMgWxp040",
          "checksum": "18e838e06ed8227aa80ef02010a0eb6f"
        },
        {
          "type": "cssRules",
          "assetId": "NfzjMgWxp040",
          "checksum": "18e838e06ed8227aa80ef02010a0eb6f"
        },
        {
          "type": "renderModule",
          "assetId": "X6ziBksHmHFB",
          "checksum": "87a0a625adec4931411772ae0e62cd03"
        },
        {
          "type": "cssRules",
          "assetId": "X6ziBksHmHFB",
          "checksum": "87a0a625adec4931411772ae0e62cd03"
        },
        {
          "type": "renderModule",
          "assetId": "Y57ZnuZ2Jh4w",
          "checksum": "f1bfb7e7e4ebeb37c1de0e776f98cce9"
        },
        {
          "type": "cssRules",
          "assetId": "Y57ZnuZ2Jh4w",
          "checksum": "f1bfb7e7e4ebeb37c1de0e776f98cce9"
        },
        {
          "type": "renderModule",
          "assetId": "1sYN4a4fA2hT",
          "checksum": "a78938c3161611bef71d004c0bd05098"
        },
        {
          "type": "cssRules",
          "assetId": "1sYN4a4fA2hT",
          "checksum": "a78938c3161611bef71d004c0bd05098"
        },
        {
          "type": "renderModule",
          "assetId": "JXPwvFp-GB8z",
          "checksum": "01320b9240163ec5d5ad2710d4091cbc"
        },
        {
          "type": "cssRules",
          "assetId": "JXPwvFp-GB8z",
          "checksum": "01320b9240163ec5d5ad2710d4091cbc"
        },
        {
          "type": "renderModule",
          "assetId": "654pDO1ucwDo",
          "checksum": "3cfbc5eb7d1aa8ff2b14bccf815dab54"
        },
        {
          "type": "cssRules",
          "assetId": "654pDO1ucwDo",
          "checksum": "3cfbc5eb7d1aa8ff2b14bccf815dab54"
        },
        {
          "type": "renderModule",
          "assetId": "Ned3svB5HC5Y",
          "checksum": "d70855e1bc7a067ca406f2431f0b3681"
        },
        {
          "type": "cssRules",
          "assetId": "Ned3svB5HC5Y",
          "checksum": "d70855e1bc7a067ca406f2431f0b3681"
        },
        {
          "type": "renderModule",
          "assetId": "MZ6R1HQl7OSI",
          "checksum": "402f5d53d1ac3e499d525cc42793cc12"
        },
        {
          "type": "cssRules",
          "assetId": "MZ6R1HQl7OSI",
          "checksum": "402f5d53d1ac3e499d525cc42793cc12"
        },
        {
          "type": "renderModule",
          "assetId": "3h8zKCI-K9fL",
          "checksum": "ab43dea02cd72bccf3de5865952217de"
        },
        {
          "type": "cssRules",
          "assetId": "3h8zKCI-K9fL",
          "checksum": "ab43dea02cd72bccf3de5865952217de"
        },
        {
          "type": "renderModule",
          "assetId": "iE6XYPOQkve8",
          "checksum": "afcdba147d75beb1b7834bed6722fa60"
        },
        {
          "type": "cssRules",
          "assetId": "iE6XYPOQkve8",
          "checksum": "afcdba147d75beb1b7834bed6722fa60"
        },
        {
          "type": "renderModule",
          "assetId": "ifxgXbLokCiY",
          "checksum": "9e5790ffadf1073b97c704cc95a31aef"
        },
        {
          "type": "cssRules",
          "assetId": "ifxgXbLokCiY",
          "checksum": "9e5790ffadf1073b97c704cc95a31aef"
        },
        {
          "type": "renderModule",
          "assetId": "ewiYjiWJ2CfP",
          "checksum": "321bc9737dfab69526eb1d2bffa706a1"
        },
        {
          "type": "cssRules",
          "assetId": "ewiYjiWJ2CfP",
          "checksum": "321bc9737dfab69526eb1d2bffa706a1"
        },
        {
          "type": "renderModule",
          "assetId": "aCKf2d8-NUn6",
          "checksum": "5829e74e967fc27ddc6bd80e667f8f13"
        },
        {
          "type": "cssRules",
          "assetId": "aCKf2d8-NUn6",
          "checksum": "5829e74e967fc27ddc6bd80e667f8f13"
        },
        {
          "type": "renderModule",
          "assetId": "zttQRIeaj9UC",
          "checksum": "dbd7c12c3bac6b2436f0cfd184f7ff11"
        },
        {
          "type": "cssRules",
          "assetId": "zttQRIeaj9UC",
          "checksum": "dbd7c12c3bac6b2436f0cfd184f7ff11"
        },
        {
          "type": "renderModule",
          "assetId": "BQ8-oBRFm1iI",
          "checksum": "8d3db0581e55d3840d432398c744c91e"
        },
        {
          "type": "cssRules",
          "assetId": "BQ8-oBRFm1iI",
          "checksum": "8d3db0581e55d3840d432398c744c91e"
        },
        {
          "type": "renderModule",
          "assetId": "cvfg93xi_YFr",
          "checksum": "181d928acaebc165eff576f8e4c4f2c9"
        },
        {
          "type": "cssRules",
          "assetId": "cvfg93xi_YFr",
          "checksum": "181d928acaebc165eff576f8e4c4f2c9"
        },
        {
          "type": "renderModule",
          "assetId": "ux-bCZNguk89",
          "checksum": "56807225b058be9f87a6328a3f7c521c"
        },
        {
          "type": "cssRules",
          "assetId": "ux-bCZNguk89",
          "checksum": "56807225b058be9f87a6328a3f7c521c"
        },
        {
          "type": "renderModule",
          "assetId": "EQtJFgZyXWLF",
          "checksum": "1c6ae1a09ca0a247a329f20daa167d35"
        },
        {
          "type": "cssRules",
          "assetId": "EQtJFgZyXWLF",
          "checksum": "1c6ae1a09ca0a247a329f20daa167d35"
        },
        {
          "type": "renderModule",
          "assetId": "ImGV05Y_TvMj",
          "checksum": "0a16d9f57c1e03de10e946cd5701dbf7"
        },
        {
          "type": "cssRules",
          "assetId": "ImGV05Y_TvMj",
          "checksum": "0a16d9f57c1e03de10e946cd5701dbf7"
        },
        {
          "type": "renderModule",
          "assetId": "GBDCfsUpKJcX",
          "checksum": "a3ae523f30e93062ca9f5a187637d599"
        },
        {
          "type": "cssRules",
          "assetId": "GBDCfsUpKJcX",
          "checksum": "a3ae523f30e93062ca9f5a187637d599"
        },
        {
          "type": "renderModule",
          "assetId": "N6W9Qkz3jyeB",
          "checksum": "367c75f751910acccd5aeaec6875e670"
        },
        {
          "type": "cssRules",
          "assetId": "N6W9Qkz3jyeB",
          "checksum": "367c75f751910acccd5aeaec6875e670"
        },
        {
          "type": "renderModule",
          "assetId": "18_0c6jwq05K",
          "checksum": "1ffe7e5036c49bd9b5aabac202ea3897"
        },
        {
          "type": "cssRules",
          "assetId": "18_0c6jwq05K",
          "checksum": "1ffe7e5036c49bd9b5aabac202ea3897"
        },
        {
          "type": "renderModule",
          "assetId": "8o6gRdMSe_Wv",
          "checksum": "ea24b0559af8fb2f95f230511ff7d429"
        },
        {
          "type": "cssRules",
          "assetId": "8o6gRdMSe_Wv",
          "checksum": "ea24b0559af8fb2f95f230511ff7d429"
        },
        {
          "type": "renderModule",
          "assetId": "X1Ne51qQA0ia",
          "checksum": "fc31528c4fc56419cc176c03547eed2b"
        },
        {
          "type": "cssRules",
          "assetId": "X1Ne51qQA0ia",
          "checksum": "fc31528c4fc56419cc176c03547eed2b"
        },
        {
          "type": "renderModule",
          "assetId": "RbyquhKmHnmj",
          "checksum": "3a118583d85125cfce61705f3842552a"
        },
        {
          "type": "cssRules",
          "assetId": "RbyquhKmHnmj",
          "checksum": "3a118583d85125cfce61705f3842552a"
        },
        {
          "type": "icon",
          "assetId": "o_4T_a7g4v5j",
          "checksum": "903786bfcd303e125667042bc5db778b"
        },
        {
          "type": "icon",
          "assetId": "D207vRhF7TWj",
          "checksum": "dc9c0c0ab3114c4832010264b8c97e53"
        },
        {
          "type": "icon",
          "assetId": "agAThdXzVwGq",
          "checksum": "6f7ba0501a228bcb7b630b569c3dbf8c"
        },
        {
          "type": "icon",
          "assetId": "Dgji-Tv8otH0",
          "checksum": "030b8e51c644fe26f16a9c0286cdb526"
        },
        {
          "type": "icon",
          "assetId": "W6CNK1l1EwhG",
          "checksum": "a7dd0cd87b33516a4df4504f15c9a06a"
        },
        {
          "type": "image",
          "assetId": "-BOWyk01MKsM",
          "checksum": "b364793a3acf6f69f8bdf71bb9e4e5ed"
        },
        {
          "type": "image",
          "assetId": "9f7rOLQo65_p",
          "checksum": "dea220cd954f1aa94ea52369ff03c765"
        },
        {
          "type": "image",
          "assetId": "2zGQjI4EiPzx",
          "checksum": "604aef93237edba364273d670da3e4d2"
        }
      ],
      "codegenVersion": "0.0.1"
    }
  ],
  "cliVersion": "0.1.334"
}
